
Microsoft Visual Studio Solution File, Format Version 12.00
# Visual Studio Version 16
VisualStudioVersion = 16.0.29215.179
MinimumVisualStudioVersion = 10.0.40219.1
Project("{8BC9CEB8-8B4A-11D0-8D11-00A0C91BC942}") = "NAE_Engine", "NAE_Engine.vcxproj", "{A1198272-0887-45FB-86B9-FEBA3F62E4BF}"
EndProject
Global
	GlobalSection(SolutionConfigurationPlatforms) = preSolution
		Debug|x64 = Debug|x64
		Debug|x86 = Debug|x86
		Release|x64 = Release|x64
		Release|x86 = Release|x86
	EndGlobalSection
	GlobalSection(ProjectConfigurationPlatforms) = postSolution
		{A1198272-0887-45FB-86B9-FEBA3F62E4BF}.Debug|x64.ActiveCfg = Debug|x64
		{A1198272-0887-45FB-86B9-FEBA3F62E4BF}.Debug|x64.Build.0 = Debug|x64
		{A1198272-0887-45FB-86B9-FEBA3F62E4BF}.Debug|x86.ActiveCfg = Debug|Win32
		{A1198272-0887-45FB-86B9-FEBA3F62E4BF}.Debug|x86.Build.0 = Debug|Win32
		{A1198272-0887-45FB-86B9-FEBA3F62E4BF}.Release|x64.ActiveCfg = Release|x64
		{A1198272-0887-45FB-86B9-FEBA3F62E4BF}.Release|x64.Build.0 = Release|x64
		{A1198272-0887-45FB-86B9-FEBA3F62E4BF}.Release|x86.ActiveCfg = Release|Win32
		{A1198272-0887-45FB-86B9-FEBA3F62E4BF}.Release|x86.Build.0 = Release|Win32
	EndGlobalSection
	GlobalSection(SolutionProperties) = preSolution
		HideSolutionNode = FALSE
	EndGlobalSection
	GlobalSection(ExtensibilityGlobals) = postSolution
		SolutionGuid = {2260F2C3-9CD7-4468-86C1-E32FBE0183F2}
	EndGlobalSection
EndGlobal
