<?xml version="1.0" encoding="utf-8"?>
<Project ToolsVersion="4.0" xmlns="http://schemas.microsoft.com/developer/msbuild/2003">
  <ItemGroup>
    <Filter Include="Source Files">
      <UniqueIdentifier>{4FC737F1-C7A5-4376-A066-2A32D752A2FF}</UniqueIdentifier>
      <Extensions>cpp;c;cc;cxx;def;odl;idl;hpj;bat;asm;asmx</Extensions>
    </Filter>
    <Filter Include="Header Files">
      <UniqueIdentifier>{93995380-89BD-4b04-88EB-625FBE52EBFB}</UniqueIdentifier>
      <Extensions>h;hh;hpp;hxx;hm;inl;inc;ipp;xsd</Extensions>
    </Filter>
    <Filter Include="Resource Files">
      <UniqueIdentifier>{67DA6AB6-F800-4c08-8B7A-83BB121AAD01}</UniqueIdentifier>
      <Extensions>rc;ico;cur;bmp;dlg;rc2;rct;bin;rgs;gif;jpg;jpeg;jpe;resx;tiff;tif;png;wav;mfcribbon-ms</Extensions>
    </Filter>
    <Filter Include="Source Files\Engine">
      <UniqueIdentifier>{53324f30-2a5e-4377-8d5e-c80f86700cfd}</UniqueIdentifier>
    </Filter>
    <Filter Include="Source Files\User">
      <UniqueIdentifier>{c38c020a-c6b5-4af7-a0e8-8ffcb807397b}</UniqueIdentifier>
    </Filter>
    <Filter Include="Source Files\Engine\Display">
      <UniqueIdentifier>{f5aa978d-0356-4561-bb2c-7805bf6fbf50}</UniqueIdentifier>
    </Filter>
    <Filter Include="Source Files\Engine\Game">
      <UniqueIdentifier>{c519e790-e1f3-4bd1-8436-c603355749ad}</UniqueIdentifier>
    </Filter>
    <Filter Include="Source Files\Engine\Input">
      <UniqueIdentifier>{903e1338-7146-4410-94c7-a0c47b080dd9}</UniqueIdentifier>
    </Filter>
    <Filter Include="Source Files\Engine\System">
      <UniqueIdentifier>{9a272cb7-98b8-4596-993a-f70201bd95c4}</UniqueIdentifier>
    </Filter>
  </ItemGroup>
  <ItemGroup>
    <ClCompile Include="Source Files\Engine\Game\NAE_Object.c">
      <Filter>Source Files\Engine\Game</Filter>
    </ClCompile>
    <ClCompile Include="Source Files\Engine\Input\NAE_Keyboard_Input.c">
      <Filter>Source Files\Engine\Input</Filter>
    </ClCompile>
    <ClCompile Include="Source Files\Engine\Input\NAE_Window_Input.c">
      <Filter>Source Files\Engine\Input</Filter>
    </ClCompile>
    <ClCompile Include="Source Files\Engine\System\NAE_Error_Log.c">
      <Filter>Source Files\Engine\System</Filter>
    </ClCompile>
    <ClCompile Include="Source Files\Engine\System\NAE_Init.c">
      <Filter>Source Files\Engine\System</Filter>
    </ClCompile>
    <ClCompile Include="Source Files\Engine\NAE_Core.c">
      <Filter>Source Files\Engine</Filter>
    </ClCompile>
    <ClCompile Include="Source Files\User\Main.c">
      <Filter>Source Files\User</Filter>
    </ClCompile>
    <ClCompile Include="Source Files\User\Window.c">
      <Filter>Source Files\User</Filter>
    </ClCompile>
  </ItemGroup>
  <ItemGroup>
    <ClInclude Include="Header Files\Engine\Display\NAE_Frame_Rate.h">
      <Filter>Header Files</Filter>
    </ClInclude>
    <ClInclude Include="Header Files\Engine\Game\NAE_Object.h">
      <Filter>Header Files</Filter>
    </ClInclude>
    <ClInclude Include="Header Files\Engine\Input\NAE_Keyboard_Input.h">
      <Filter>Header Files</Filter>
    </ClInclude>
    <ClInclude Include="Header Files\Engine\Input\NAE_Window_Input.h">
      <Filter>Header Files</Filter>
    </ClInclude>
    <ClInclude Include="Header Files\Engine\System\NAE_Error_log.h">
      <Filter>Header Files</Filter>
    </ClInclude>
    <ClInclude Include="Header Files\Engine\System\NAE_Init.h">
      <Filter>Header Files</Filter>
    </ClInclude>
  </ItemGroup>
</Project>